// !$*UTF8*$!
{
	archiveVersion = 1;
	classes = {
	};
	objectVersion = 46;
	objects = {

/* Begin PBXBuildFile section */
		58A804DF1F2E872F004A419A /* AppDelegate.swift in Sources */ = {isa = PBXBuildFile; fileRef = 58A804DE1F2E872F004A419A /* AppDelegate.swift */; };
		58A804E11F2E872F004A419A /* ViewController.swift in Sources */ = {isa = PBXBuildFile; fileRef = 58A804E01F2E872F004A419A /* ViewController.swift */; };
		58A804E41F2E872F004A419A /* Main.storyboard in Resources */ = {isa = PBXBuildFile; fileRef = 58A804E21F2E872F004A419A /* Main.storyboard */; };
		58A804E61F2E872F004A419A /* Assets.xcassets in Resources */ = {isa = PBXBuildFile; fileRef = 58A804E51F2E872F004A419A /* Assets.xcassets */; };
		58A804E91F2E872F004A419A /* LaunchScreen.storyboard in Resources */ = {isa = PBXBuildFile; fileRef = 58A804E71F2E872F004A419A /* LaunchScreen.storyboard */; };
/* End PBXBuildFile section */

/* Begin PBXFileReference section */
		58A804DB1F2E872F004A419A /* Pokedex 3.app */ = {isa = PBXFileReference; explicitFileType = wrapper.application; includeInIndex = 0; path = "Pokedex 3.app"; sourceTree = BUILT_PRODUCTS_DIR; };
		58A804DE1F2E872F004A419A /* AppDelegate.swift */ = {isa = PBXFileReference; lastKnownFileType = sourcecode.swift; path = AppDelegate.swift; sourceTree = "<group>"; };
		58A804E01F2E872F004A419A /* ViewController.swift */ = {isa = PBXFileReference; lastKnownFileType = sourcecode.swift; path = ViewController.swift; sourceTree = "<group>"; };
		58A804E31F2E872F004A419A /* Base */ = {isa = PBXFileReference; lastKnownFileType = file.storyboard; name = Base; path = Base.lproj/Main.storyboard; sourceTree = "<group>"; };
		58A804E51F2E872F004A419A /* Assets.xcassets */ = {isa = PBXFileReference; lastKnownFileType = folder.assetcatalog; path = Assets.xcassets; sourceTree = "<group>"; };
		58A804E81F2E872F004A419A /* Base */ = {isa = PBXFileReference; lastKnownFileType = file.storyboard; name = Base; path = Base.lproj/LaunchScreen.storyboard; sourceTree = "<group>"; };
		58A804EA1F2E872F004A419A /* Info.plist */ = {isa = PBXFileReference; lastKnownFileType = text.plist.xml; path = Info.plist; sourceTree = "<group>"; };
/* End PBXFileReference section */

/* Begin PBXFrameworksBuildPhase section */
		58A804D81F2E872F004A419A /* Frameworks */ = {
			isa = PBXFrameworksBuildPhase;
			buildActionMask = 2147483647;
			files = (
			);
			runOnlyForDeploymentPostprocessing = 0;
		};
/* End PBXFrameworksBuildPhase section */

/* Begin PBXGroup section */
		58A804D21F2E872F004A419A = {
			isa = PBXGroup;
			children = (
				58A804DD1F2E872F004A419A /* Pokedex 3 */,
				58A804DC1F2E872F004A419A /* Products */,
			);
			sourceTree = "<group>";
		};
		58A804DC1F2E872F004A419A /* Products */ = {
			isa = PBXGroup;
			children = (
				58A804DB1F2E872F004A419A /* Pokedex 3.app */,
			);
			name = Products;
			sourceTree = "<group>";
		};
		58A804DD1F2E872F004A419A /* Pokedex 3 */ = {
			isa = PBXGroup;
			children = (
				58A804DE1F2E872F004A419A /* AppDelegate.swift */,
				58A804E01F2E872F004A419A /* ViewController.swift */,
				58A804E21F2E872F004A419A /* Main.storyboard */,
				58A804E51F2E872F004A419A /* Assets.xcassets */,
				58A804E71F2E872F004A419A /* LaunchScreen.storyboard */,
				58A804EA1F2E872F004A419A /* Info.plist */,
			);
			path = "Pokedex 3";
			sourceTree = "<group>";
		};
/* End PBXGroup section */

/* Begin PBXNativeTarget section */
		58A804DA1F2E872F004A419A /* Pokedex 3 */ = {
			isa = PBXNativeTarget;
			buildConfigurationList = 58A804ED1F2E872F004A419A /* Build configuration list for PBXNativeTarget "Pokedex 3" */;
			buildPhases = (
				58A804D71F2E872F004A419A /* Sources */,
				58A804D81F2E872F004A419A /* Frameworks */,
				58A804D91F2E872F004A419A /* Resources */,
			);
			buildRules = (
			);
			dependencies = (
			);
			name = "Pokedex 3";
			productName = "Pokedex 3";
			productReference = 58A804DB1F2E872F004A419A /* Pokedex 3.app */;
			productType = "com.apple.product-type.application";
		};
/* End PBXNativeTarget section */

/* Begin PBXProject section */
		58A804D31F2E872F004A419A /* Project object */ = {
			isa = PBXProject;
			attributes = {
				LastSwiftUpdateCheck = 0820;
				LastUpgradeCheck = 0820;
				ORGANIZATIONNAME = "Eric Shields";
				TargetAttributes = {
					58A804DA1F2E872F004A419A = {
						CreatedOnToolsVersion = 8.2.1;
						DevelopmentTeam = 6UEC39BMEE;
						ProvisioningStyle = Automatic;
					};
				};
			};
			buildConfigurationList = 58A804D61F2E872F004A419A /* Build configuration list for PBXProject "Pokedex 3" */;
			compatibilityVersion = "Xcode 3.2";
			developmentRegion = English;
			hasScannedForEncodings = 0;
			knownRegions = (
				en,
				Base,
			);
			mainGroup = 58A804D21F2E872F004A419A;
			productRefGroup = 58A804DC1F2E872F004A419A /* Products */;
			projectDirPath = "";
			projectRoot = "";
			targets = (
				58A804DA1F2E872F004A419A /* Pokedex 3 */,
			);
		};
/* End PBXProject section */

/* Begin PBXResourcesBuildPhase section */
		58A804D91F2E872F004A419A /* Resources */ = {
			isa = PBXResourcesBuildPhase;
			buildActionMask = 2147483647;
			files = (
				58A804E91F2E872F004A419A /* LaunchScreen.storyboard in Resources */,
				58A804E61F2E872F004A419A /* Assets.xcassets in Resources */,
				58A804E41F2E872F004A419A /* Main.storyboard in Resources */,
			);
			runOnlyForDeploymentPostprocessing = 0;
		};
/* End PBXResourcesBuildPhase section */

/* Begin PBXSourcesBuildPhase section */
		58A804D71F2E872F004A419A /* Sources */ = {
			isa = PBXSourcesBuildPhase;
			buildActionMask = 2147483647;
			files = (
				58A804E11F2E872F004A419A /* ViewController.swift in Sources */,
				58A804DF1F2E872F004A419A /* AppDelegate.swift in Sources */,
			);
			runOnlyForDeploymentPostprocessing = 0;
		};
/* End PBXSourcesBuildPhase section */

/* Begin PBXVariantGroup section */
		58A804E21F2E872F004A419A /* Main.storyboard */ = {
			isa = PBXVariantGroup;
			children = (
				58A804E31F2E872F004A419A /* Base */,
			);
			name = Main.storyboard;
			sourceTree = "<group>";
		};
		58A804E71F2E872F004A419A /* LaunchScreen.storyboard */ = {
			isa = PBXVariantGroup;
			children = (
				58A804E81F2E872F004A419A /* Base */,
			);
			name = LaunchScreen.storyboard;
			sourceTree = "<group>";
		};
/* End PBXVariantGroup section */

/* Begin XCBuildConfiguration section */
		58A804EB1F2E872F004A419A /* Debug */ = {
			isa = XCBuildConfiguration;
			buildSettings = {
				ALWAYS_SEARCH_USER_PATHS = NO;
				CLANG_ANALYZER_NONNULL = YES;
				CLANG_CXX_LANGUAGE_STANDARD = "gnu++0x";
				CLANG_CXX_LIBRARY = "libc++";
				CLANG_ENABLE_MODULES = YES;
				CLANG_ENABLE_OBJC_ARC = YES;
				CLANG_WARN_BOOL_CONVERSION = YES;
				CLANG_WARN_CONSTANT_CONVERSION = YES;
				CLANG_WARN_DIRECT_OBJC_ISA_USAGE = YES_ERROR;
				CLANG_WARN_DOCUMENTATION_COMMENTS = YES;
				CLANG_WARN_EMPTY_BODY = YES;
				CLANG_WARN_ENUM_CONVERSION = YES;
				CLANG_WARN_INFINITE_RECURSION = YES;
				CLANG_WARN_INT_CONVERSION = YES;
				CLANG_WARN_OBJC_ROOT_CLASS = YES_ERROR;
				CLANG_WARN_SUSPICIOUS_MOVE = YES;
				CLANG_WARN_UNREACHABLE_CODE = YES;
				CLANG_WARN__DUPLICATE_METHOD_MATCH = YES;
				"CODE_SIGN_IDENTITY[sdk=iphoneos*]" = "iPhone Developer";
				COPY_PHASE_STRIP = NO;
				DEBUG_INFORMATION_FORMAT = dwarf;
				ENABLE_STRICT_OBJC_MSGSEND = YES;
				ENABLE_TESTABILITY = YES;
				GCC_C_LANGUAGE_STANDARD = gnu99;
				GCC_DYNAMIC_NO_PIC = NO;
				GCC_NO_COMMON_BLOCKS = YES;
				GCC_OPTIMIZATION_LEVEL = 0;
				GCC_PREPROCESSOR_DEFINITIONS = (
					"DEBUG=1",
					"$(inherited)",
				);
				GCC_WARN_64_TO_32_BIT_CONVERSION = YES;
				GCC_WARN_ABOUT_RETURN_TYPE = YES_ERROR;
				GCC_WARN_UNDECLARED_SELECTOR = YES;
				GCC_WARN_UNINITIALIZED_AUTOS = YES_AGGRESSIVE;
				GCC_WARN_UNUSED_FUNCTION = YES;
				GCC_WARN_UNUSED_VARIABLE = YES;
				IPHONEOS_DEPLOYMENT_TARGET = 10.2;
				MTL_ENABLE_DEBUG_INFO = YES;
				ONLY_ACTIVE_ARCH = YES;
				SDKROOT = iphoneos;
				SWIFT_ACTIVE_COMPILATION_CONDITIONS = DEBUG;
				SWIFT_OPTIMIZATION_LEVEL = "-Onone";
			};
			name = Debug;
		};
		58A804EC1F2E872F004A419A /* Release */ = {
			isa = XCBuildConfiguration;
			buildSettings = {
				ALWAYS_SEARCH_USER_PATHS = NO;
				CLANG_ANALYZER_NONNULL = YES;
				CLANG_CXX_LANGUAGE_STANDARD = "gnu++0x";
				CLANG_CXX_LIBRARY = "libc++";
				CLANG_ENABLE_MODULES = YES;
				CLANG_ENABLE_OBJC_ARC = YES;
				CLANG_WARN_BOOL_CONVERSION = YES;
				CLANG_WARN_CONSTANT_CONVERSION = YES;
				CLANG_WARN_DIRECT_OBJC_ISA_USAGE = YES_ERROR;
				CLANG_WARN_DOCUMENTATION_COMMENTS = YES;
				CLANG_WARN_EMPTY_BODY = YES;
				CLANG_WARN_ENUM_CONVERSION = YES;
				CLANG_WARN_INFINITE_RECURSION = YES;
				CLANG_WARN_INT_CONVERSION = YES;
				CLANG_WARN_OBJC_ROOT_CLASS = YES_ERROR;
				CLANG_WARN_SUSPICIOUS_MOVE = YES;
				CLANG_WARN_UNREACHABLE_CODE = YES;
				CLANG_WARN__DUPLICATE_METHOD_MATCH = YES;
				"CODE_SIGN_IDENTITY[sdk=iphoneos*]" = "iPhone Developer";
				COPY_PHASE_STRIP = NO;
				DEBUG_INFORMATION_FORMAT = "dwarf-with-dsym";
				ENABLE_NS_ASSERTIONS = NO;
				ENABLE_STRICT_OBJC_MSGSEND = YES;
				GCC_C_LANGUAGE_STANDARD = gnu99;
				GCC_NO_COMMON_BLOCKS = YES;
				GCC_WARN_64_TO_32_BIT_CONVERSION = YES;
				GCC_WARN_ABOUT_RETURN_TYPE = YES_ERROR;
				GCC_WARN_UNDECLARED_SELECTOR = YES;
				GCC_WARN_UNINITIALIZED_AUTOS = YES_AGGRESSIVE;
				GCC_WARN_UNUSED_FUNCTION = YES;
				GCC_WARN_UNUSED_VARIABLE = YES;
				IPHONEOS_DEPLOYMENT_TARGET = 10.2;
				MTL_ENABLE_DEBUG_INFO = NO;
				SDKROOT = iphoneos;
				SWIFT_OPTIMIZATION_LEVEL = "-Owholemodule";
				VALIDATE_PRODUCT = YES;
			};
			name = Release;
		};
		58A804EE1F2E872F004A419A /* Debug */ = {
			isa = XCBuildConfiguration;
			buildSettings = {
				ASSETCATALOG_COMPILER_APPICON_NAME = AppIcon;
				DEVELOPMENT_TEAM = 6UEC39BMEE;
				INFOPLIST_FILE = "Pokedex 3/Info.plist";
				LD_RUNPATH_SEARCH_PATHS = "$(inherited) @executable_path/Frameworks";
				PRODUCT_BUNDLE_IDENTIFIER = "eshields.Pokedex-3";
				PRODUCT_NAME = "$(TARGET_NAME)";
				SWIFT_VERSION = 3.0;
			};
			name = Debug;
		};
		58A804EF1F2E872F004A419A /* Release */ = {
			isa = XCBuildConfiguration;
			buildSettings = {
				ASSETCATALOG_COMPILER_APPICON_NAME = AppIcon;
				DEVELOPMENT_TEAM = 6UEC39BMEE;
				INFOPLIST_FILE = "Pokedex 3/Info.plist";
				LD_RUNPATH_SEARCH_PATHS = "$(inherited) @executable_path/Frameworks";
				PRODUCT_BUNDLE_IDENTIFIER = "eshields.Pokedex-3";
				PRODUCT_NAME = "$(TARGET_NAME)";
				SWIFT_VERSION = 3.0;
			};
			name = Release;
		};
/* End XCBuildConfiguration section */

/* Begin XCConfigurationList section */
		58A804D61F2E872F004A419A /* Build configuration list for PBXProject "Pokedex 3" */ = {
			isa = XCConfigurationList;
			buildConfigurations = (
				58A804EB1F2E872F004A419A /* Debug */,
				58A804EC1F2E872F004A419A /* Release */,
			);
			defaultConfigurationIsVisible = 0;
			defaultConfigurationName = Release;
		};
		58A804ED1F2E872F004A419A /* Build configuration list for PBXNativeTarget "Pokedex 3" */ = {
			isa = XCConfigurationList;
			buildConfigurations = (
				58A804EE1F2E872F004A419A /* Debug */,
				58A804EF1F2E872F004A419A /* Release */,
			);
			defaultConfigurationIsVisible = 0;
		};
/* End XCConfigurationList section */
	};
	rootObject = 58A804D31F2E872F004A419A /* Project object */;
}
